
Microsoft Visual Studio Solution File, Format Version 12.00
# Visual Studio Version 17
VisualStudioVersion = 17.3.32901.215
MinimumVisualStudioVersion = 10.0.40219.1
Project("{9A19103F-16F7-4668-BE54-9A1E7A4F7556}") = "BackgroundWorker", "BackgroundWorker\BackgroundWorker.csproj", "{7F67F25C-99C4-40CD-9513-C54C857DCE19}"
EndProject
Global
	GlobalSection(SolutionConfigurationPlatforms) = preSolution
		Debug|Any CPU = Debug|Any CPU
		Release|Any CPU = Release|Any CPU
	EndGlobalSection
	GlobalSection(ProjectConfigurationPlatforms) = postSolution
		{7F67F25C-99C4-40CD-9513-C54C857DCE19}.Debug|Any CPU.ActiveCfg = Debug|Any CPU
		{7F67F25C-99C4-40CD-9513-C54C857DCE19}.Debug|Any CPU.Build.0 = Debug|Any CPU
		{7F67F25C-99C4-40CD-9513-C54C857DCE19}.Release|Any CPU.ActiveCfg = Release|Any CPU
		{7F67F25C-99C4-40CD-9513-C54C857DCE19}.Release|Any CPU.Build.0 = Release|Any CPU
	EndGlobalSection
	GlobalSection(SolutionProperties) = preSolution
		HideSolutionNode = FALSE
	EndGlobalSection
	GlobalSection(ExtensibilityGlobals) = postSolution
		SolutionGuid = {8CE1F369-30E6-4655-82E1-2D8D7F222914}
	EndGlobalSection
EndGlobal
