
Microsoft Visual Studio Solution File, Format Version 12.00
# Visual Studio Version 17
VisualStudioVersion = 17.3.32901.215
MinimumVisualStudioVersion = 10.0.40219.1
Project("{9A19103F-16F7-4668-BE54-9A1E7A4F7556}") = "EventHubBackgroundWorker", "EventHubBackgroundWorker\EventHubBackgroundWorker.csproj", "{3A47BF82-24E0-4142-B3F9-8515F30AF093}"
EndProject
Project("{9A19103F-16F7-4668-BE54-9A1E7A4F7556}") = "ServiceBusBackgroundWorker", "ServiceBusBackgroundWorker\ServiceBusBackgroundWorker.csproj", "{24A5C384-AF9F-4E28-BA24-4D2F511FF6DC}"
EndProject
Project("{FAE04EC0-301F-11D3-BF4B-00C04F79EFBC}") = "Shared", "Shared\Shared.csproj", "{AD0DE160-59B8-4B0A-BEA7-2F8A0A433136}"
EndProject
Global
	GlobalSection(SolutionConfigurationPlatforms) = preSolution
		Debug|Any CPU = Debug|Any CPU
		Release|Any CPU = Release|Any CPU
	EndGlobalSection
	GlobalSection(ProjectConfigurationPlatforms) = postSolution
		{3A47BF82-24E0-4142-B3F9-8515F30AF093}.Debug|Any CPU.ActiveCfg = Debug|Any CPU
		{3A47BF82-24E0-4142-B3F9-8515F30AF093}.Debug|Any CPU.Build.0 = Debug|Any CPU
		{3A47BF82-24E0-4142-B3F9-8515F30AF093}.Release|Any CPU.ActiveCfg = Release|Any CPU
		{3A47BF82-24E0-4142-B3F9-8515F30AF093}.Release|Any CPU.Build.0 = Release|Any CPU
		{24A5C384-AF9F-4E28-BA24-4D2F511FF6DC}.Debug|Any CPU.ActiveCfg = Debug|Any CPU
		{24A5C384-AF9F-4E28-BA24-4D2F511FF6DC}.Debug|Any CPU.Build.0 = Debug|Any CPU
		{24A5C384-AF9F-4E28-BA24-4D2F511FF6DC}.Release|Any CPU.ActiveCfg = Release|Any CPU
		{24A5C384-AF9F-4E28-BA24-4D2F511FF6DC}.Release|Any CPU.Build.0 = Release|Any CPU
		{AD0DE160-59B8-4B0A-BEA7-2F8A0A433136}.Debug|Any CPU.ActiveCfg = Debug|Any CPU
		{AD0DE160-59B8-4B0A-BEA7-2F8A0A433136}.Debug|Any CPU.Build.0 = Debug|Any CPU
		{AD0DE160-59B8-4B0A-BEA7-2F8A0A433136}.Release|Any CPU.ActiveCfg = Release|Any CPU
		{AD0DE160-59B8-4B0A-BEA7-2F8A0A433136}.Release|Any CPU.Build.0 = Release|Any CPU
	EndGlobalSection
	GlobalSection(SolutionProperties) = preSolution
		HideSolutionNode = FALSE
	EndGlobalSection
	GlobalSection(ExtensibilityGlobals) = postSolution
		SolutionGuid = {8CE1F369-30E6-4655-82E1-2D8D7F222914}
	EndGlobalSection
EndGlobal
